
Microsoft Visual Studio Solution File, Format Version 12.00
# Visual Studio Version 17
VisualStudioVersion = 17.0.31912.275
MinimumVisualStudioVersion = 10.0.40219.1
Project("{9A19103F-16F7-4668-BE54-9A1E7A4F7556}") = "2015", "2015\2015.csproj", "{C9D9073C-4CA3-4FAF-AFE4-4960DBDA900B}"
EndProject
Project("{9A19103F-16F7-4668-BE54-9A1E7A4F7556}") = "Utils", "Utils\Utils.csproj", "{7C0530A9-19EC-49AA-8F46-34946B9DD9AA}"
EndProject
Project("{9A19103F-16F7-4668-BE54-9A1E7A4F7556}") = "2021", "2021\2021.csproj", "{91B9E5AD-704D-48DA-B397-D5E60F48E0C3}"
EndProject
Project("{9A19103F-16F7-4668-BE54-9A1E7A4F7556}") = "UnitTests", "UnitTests\UnitTests.csproj", "{88BFFEFD-43BC-4B44-9F47-347CF6F5713B}"
EndProject
Project("{9A19103F-16F7-4668-BE54-9A1E7A4F7556}") = "2016", "2016\2016.csproj", "{4ECF2F8C-FB47-4CF9-8AB5-9FDB6846FA14}"
EndProject
Project("{9A19103F-16F7-4668-BE54-9A1E7A4F7556}") = "2017", "2017\2017.csproj", "{BA38404E-331A-4501-87C0-6BB958C13CCA}"
EndProject
Project("{9A19103F-16F7-4668-BE54-9A1E7A4F7556}") = "2018", "2018\2018.csproj", "{BF61A1B7-A7B0-4A81-A7B8-9B93F0D9FD6A}"
EndProject
Project("{9A19103F-16F7-4668-BE54-9A1E7A4F7556}") = "2019", "2019\2019.csproj", "{E48A264B-754F-49FA-854A-2AA975A0785B}"
EndProject
Project("{9A19103F-16F7-4668-BE54-9A1E7A4F7556}") = "2020", "2020\2020.csproj", "{B3CD504F-6819-4E38-B381-FDDAA99E6618}"
EndProject
Project("{9A19103F-16F7-4668-BE54-9A1E7A4F7556}") = "2022", "2022\2022.csproj", "{BA5C0CF1-A93E-4FC7-9922-74EA36D619C9}"
EndProject
Project("{FAE04EC0-301F-11D3-BF4B-00C04F79EFBC}") = "2023", "2023\2023.csproj", "{B60434F5-A95E-42FC-8CB1-695075C312BD}"
EndProject
Global
	GlobalSection(SolutionConfigurationPlatforms) = preSolution
		Debug|Any CPU = Debug|Any CPU
		Release|Any CPU = Release|Any CPU
	EndGlobalSection
	GlobalSection(ProjectConfigurationPlatforms) = postSolution
		{C9D9073C-4CA3-4FAF-AFE4-4960DBDA900B}.Debug|Any CPU.ActiveCfg = Debug|Any CPU
		{C9D9073C-4CA3-4FAF-AFE4-4960DBDA900B}.Debug|Any CPU.Build.0 = Debug|Any CPU
		{C9D9073C-4CA3-4FAF-AFE4-4960DBDA900B}.Release|Any CPU.ActiveCfg = Release|Any CPU
		{C9D9073C-4CA3-4FAF-AFE4-4960DBDA900B}.Release|Any CPU.Build.0 = Release|Any CPU
		{7C0530A9-19EC-49AA-8F46-34946B9DD9AA}.Debug|Any CPU.ActiveCfg = Debug|Any CPU
		{7C0530A9-19EC-49AA-8F46-34946B9DD9AA}.Debug|Any CPU.Build.0 = Debug|Any CPU
		{7C0530A9-19EC-49AA-8F46-34946B9DD9AA}.Release|Any CPU.ActiveCfg = Release|Any CPU
		{7C0530A9-19EC-49AA-8F46-34946B9DD9AA}.Release|Any CPU.Build.0 = Release|Any CPU
		{91B9E5AD-704D-48DA-B397-D5E60F48E0C3}.Debug|Any CPU.ActiveCfg = Debug|Any CPU
		{91B9E5AD-704D-48DA-B397-D5E60F48E0C3}.Debug|Any CPU.Build.0 = Debug|Any CPU
		{91B9E5AD-704D-48DA-B397-D5E60F48E0C3}.Release|Any CPU.ActiveCfg = Release|Any CPU
		{91B9E5AD-704D-48DA-B397-D5E60F48E0C3}.Release|Any CPU.Build.0 = Release|Any CPU
		{88BFFEFD-43BC-4B44-9F47-347CF6F5713B}.Debug|Any CPU.ActiveCfg = Debug|Any CPU
		{88BFFEFD-43BC-4B44-9F47-347CF6F5713B}.Debug|Any CPU.Build.0 = Debug|Any CPU
		{88BFFEFD-43BC-4B44-9F47-347CF6F5713B}.Release|Any CPU.ActiveCfg = Release|Any CPU
		{88BFFEFD-43BC-4B44-9F47-347CF6F5713B}.Release|Any CPU.Build.0 = Release|Any CPU
		{4ECF2F8C-FB47-4CF9-8AB5-9FDB6846FA14}.Debug|Any CPU.ActiveCfg = Debug|Any CPU
		{4ECF2F8C-FB47-4CF9-8AB5-9FDB6846FA14}.Debug|Any CPU.Build.0 = Debug|Any CPU
		{4ECF2F8C-FB47-4CF9-8AB5-9FDB6846FA14}.Release|Any CPU.ActiveCfg = Release|Any CPU
		{4ECF2F8C-FB47-4CF9-8AB5-9FDB6846FA14}.Release|Any CPU.Build.0 = Release|Any CPU
		{BA38404E-331A-4501-87C0-6BB958C13CCA}.Debug|Any CPU.ActiveCfg = Debug|Any CPU
		{BA38404E-331A-4501-87C0-6BB958C13CCA}.Debug|Any CPU.Build.0 = Debug|Any CPU
		{BA38404E-331A-4501-87C0-6BB958C13CCA}.Release|Any CPU.ActiveCfg = Release|Any CPU
		{BA38404E-331A-4501-87C0-6BB958C13CCA}.Release|Any CPU.Build.0 = Release|Any CPU
		{BF61A1B7-A7B0-4A81-A7B8-9B93F0D9FD6A}.Debug|Any CPU.ActiveCfg = Debug|Any CPU
		{BF61A1B7-A7B0-4A81-A7B8-9B93F0D9FD6A}.Debug|Any CPU.Build.0 = Debug|Any CPU
		{BF61A1B7-A7B0-4A81-A7B8-9B93F0D9FD6A}.Release|Any CPU.ActiveCfg = Release|Any CPU
		{BF61A1B7-A7B0-4A81-A7B8-9B93F0D9FD6A}.Release|Any CPU.Build.0 = Release|Any CPU
		{E48A264B-754F-49FA-854A-2AA975A0785B}.Debug|Any CPU.ActiveCfg = Debug|Any CPU
		{E48A264B-754F-49FA-854A-2AA975A0785B}.Debug|Any CPU.Build.0 = Debug|Any CPU
		{E48A264B-754F-49FA-854A-2AA975A0785B}.Release|Any CPU.ActiveCfg = Release|Any CPU
		{E48A264B-754F-49FA-854A-2AA975A0785B}.Release|Any CPU.Build.0 = Release|Any CPU
		{B3CD504F-6819-4E38-B381-FDDAA99E6618}.Debug|Any CPU.ActiveCfg = Debug|Any CPU
		{B3CD504F-6819-4E38-B381-FDDAA99E6618}.Debug|Any CPU.Build.0 = Debug|Any CPU
		{B3CD504F-6819-4E38-B381-FDDAA99E6618}.Release|Any CPU.ActiveCfg = Release|Any CPU
		{B3CD504F-6819-4E38-B381-FDDAA99E6618}.Release|Any CPU.Build.0 = Release|Any CPU
		{BA5C0CF1-A93E-4FC7-9922-74EA36D619C9}.Debug|Any CPU.ActiveCfg = Debug|Any CPU
		{BA5C0CF1-A93E-4FC7-9922-74EA36D619C9}.Debug|Any CPU.Build.0 = Debug|Any CPU
		{BA5C0CF1-A93E-4FC7-9922-74EA36D619C9}.Release|Any CPU.ActiveCfg = Release|Any CPU
		{BA5C0CF1-A93E-4FC7-9922-74EA36D619C9}.Release|Any CPU.Build.0 = Release|Any CPU
		{B60434F5-A95E-42FC-8CB1-695075C312BD}.Debug|Any CPU.ActiveCfg = Debug|Any CPU
		{B60434F5-A95E-42FC-8CB1-695075C312BD}.Debug|Any CPU.Build.0 = Debug|Any CPU
		{B60434F5-A95E-42FC-8CB1-695075C312BD}.Release|Any CPU.ActiveCfg = Release|Any CPU
		{B60434F5-A95E-42FC-8CB1-695075C312BD}.Release|Any CPU.Build.0 = Release|Any CPU
	EndGlobalSection
	GlobalSection(SolutionProperties) = preSolution
		HideSolutionNode = FALSE
	EndGlobalSection
	GlobalSection(ExtensibilityGlobals) = postSolution
		SolutionGuid = {1802802C-DAF8-4DC3-AAC6-564C35787C0A}
	EndGlobalSection
EndGlobal
